# THIS IS AN AUTOGENERATED FILE. DO NOT EDIT THIS FILE DIRECTLY.
# yarn lockfile v1


"@account-abstraction/contracts@^0.6.0":
  version "0.6.0"
  resolved "https://registry.yarnpkg.com/@account-abstraction/contracts/-/contracts-0.6.0.tgz#7188a01839999226e6b2796328af338329543b76"
  integrity sha512-8ooRJuR7XzohMDM4MV34I12Ci2bmxfE9+cixakRL7lA4BAwJKQ3ahvd8FbJa9kiwkUPCUNtj+/zxDQWYYalLMQ==
